
Microsoft Visual Studio Solution File, Format Version 12.00
# Visual Studio Version 17
VisualStudioVersion = 17.1.32210.238
MinimumVisualStudioVersion = 10.0.40219.1
Project("{FAE04EC0-301F-11D3-BF4B-00C04F79EFBC}") = "VRCHotkeyAssistant", "VRCHotkeyAssistant.csproj", "{CC09CB02-68B0-4153-868D-F478DD25233C}"
EndProject
Project("{2150E333-8FDC-42A3-9474-1A3956D46DE8}") = "Solution Items", "Solution Items", "{2392A9DF-DB13-489C-A7AD-6B232EC22642}"
	ProjectSection(SolutionItems) = preProject
		.editorconfig = .editorconfig
	EndProjectSection
EndProject
Global
	GlobalSection(SolutionConfigurationPlatforms) = preSolution
		Debug|Any CPU = Debug|Any CPU
		Release|Any CPU = Release|Any CPU
	EndGlobalSection
	GlobalSection(ProjectConfigurationPlatforms) = postSolution
		{CC09CB02-68B0-4153-868D-F478DD25233C}.Debug|Any CPU.ActiveCfg = Debug|Any CPU
		{CC09CB02-68B0-4153-868D-F478DD25233C}.Debug|Any CPU.Build.0 = Debug|Any CPU
		{CC09CB02-68B0-4153-868D-F478DD25233C}.Release|Any CPU.ActiveCfg = Release|Any CPU
		{CC09CB02-68B0-4153-868D-F478DD25233C}.Release|Any CPU.Build.0 = Release|Any CPU
	EndGlobalSection
	GlobalSection(SolutionProperties) = preSolution
		HideSolutionNode = FALSE
	EndGlobalSection
	GlobalSection(ExtensibilityGlobals) = postSolution
		SolutionGuid = {0210D96D-8BEF-425A-B20E-936AE701C585}
	EndGlobalSection
EndGlobal
